<Solution>
  <Project Path="sources/CalenderDesktopUI/CalenderDesktopUI.csproj" />
  <Project Path="sources/InputFormUI/InputFormUI.csproj" />
  <Project Path="sources/InstagramDesktopUI/InstagramDesktopUI.csproj" />
  <Project Path="sources/MemberManagementUI/MemberManagementUI.csproj" />
  <Project Path="sources/SalesDashboardUI/SalesDashboardUI.csproj" />
  <Project Path="sources/ShoppingCartUI/ShoppingCartUI.csproj" />
  <Project Path="sources/SignInUI/SignInUI.csproj" />
  <Project Path="sources/SkillDashboardUI/SkillDashboardUI.csproj" />
  <Project Path="sources/SocialMediaManagementUI/SocialMediaManagementUI.csproj" />
  <Project Path="sources/TVSettingsUI/TVSettingsUI.csproj" />
  <Project Path="sources/WalletPaymentUI/WalletPaymentUI.csproj" />
  <Project Path="sources/WeatherUI/WeatherUI.csproj" />
</Solution>
